
Microsoft Visual Studio Solution File, Format Version 12.00
# Visual Studio Version 16
VisualStudioVersion = 16.0.30621.155
MinimumVisualStudioVersion = 10.0.40219.1
Project("{FAE04EC0-301F-11D3-BF4B-00C04F79EFBC}") = "giaminh", "giaminh\giaminh.csproj", "{50A762C6-B529-4388-98BB-BD8346591A76}"
EndProject
Global
	GlobalSection(SolutionConfigurationPlatforms) = preSolution
		Debug|Any CPU = Debug|Any CPU
		Release|Any CPU = Release|Any CPU
	EndGlobalSection
	GlobalSection(ProjectConfigurationPlatforms) = postSolution
		{50A762C6-B529-4388-98BB-BD8346591A76}.Debug|Any CPU.ActiveCfg = Debug|Any CPU
		{50A762C6-B529-4388-98BB-BD8346591A76}.Debug|Any CPU.Build.0 = Debug|Any CPU
		{50A762C6-B529-4388-98BB-BD8346591A76}.Release|Any CPU.ActiveCfg = Release|Any CPU
		{50A762C6-B529-4388-98BB-BD8346591A76}.Release|Any CPU.Build.0 = Release|Any CPU
	EndGlobalSection
	GlobalSection(SolutionProperties) = preSolution
		HideSolutionNode = FALSE
	EndGlobalSection
	GlobalSection(ExtensibilityGlobals) = postSolution
		SolutionGuid = {A993CFBC-7ABE-4831-803D-DFD8FECAF508}
	EndGlobalSection
EndGlobal
